// !$*UTF8*$!
{
	archiveVersion = 1;
	classes = {
	};
	objectVersion = 46;
	objects = {

/* Begin PBXBuildFile section */
		C30BFBAA146C32AD00395658 /* Cocoa.framework in Frameworks */ = {isa = PBXBuildFile; fileRef = C30BFBA9146C32AD00395658 /* Cocoa.framework */; };
		C30BFBB4146C32AD00395658 /* InfoPlist.strings in Resources */ = {isa = PBXBuildFile; fileRef = C30BFBB2146C32AD00395658 /* InfoPlist.strings */; };
		C30BFBB6146C32AD00395658 /* main.m in Sources */ = {isa = PBXBuildFile; fileRef = C30BFBB5146C32AD00395658 /* main.m */; };
		C30BFBBA146C32AE00395658 /* Credits.rtf in Resources */ = {isa = PBXBuildFile; fileRef = C30BFBB8146C32AE00395658 /* Credits.rtf */; };
		C30BFBBD146C32AE00395658 /* HNAppDelegate.m in Sources */ = {isa = PBXBuildFile; fileRef = C30BFBBC146C32AE00395658 /* HNAppDelegate.m */; };
		C30BFBC0146C32AE00395658 /* MainMenu.xib in Resources */ = {isa = PBXBuildFile; fileRef = C30BFBBE146C32AE00395658 /* MainMenu.xib */; };
		C30BFBC8146C32AE00395658 /* SenTestingKit.framework in Frameworks */ = {isa = PBXBuildFile; fileRef = C30BFBC7146C32AE00395658 /* SenTestingKit.framework */; };
		C30BFBC9146C32AE00395658 /* Cocoa.framework in Frameworks */ = {isa = PBXBuildFile; fileRef = C30BFBA9146C32AD00395658 /* Cocoa.framework */; };
		C30BFBD1146C32AE00395658 /* InfoPlist.strings in Resources */ = {isa = PBXBuildFile; fileRef = C30BFBCF146C32AE00395658 /* InfoPlist.strings */; };
		C30BFBD4146C32AE00395658 /* Launchpad_EditorTests.m in Sources */ = {isa = PBXBuildFile; fileRef = C30BFBD3146C32AE00395658 /* Launchpad_EditorTests.m */; };
		C36A0C76149E523600BD4039 /* dsa_pub.pem in Resources */ = {isa = PBXBuildFile; fileRef = C36A0C75149E523600BD4039 /* dsa_pub.pem */; };
		C36B099F148FC0D2004B6998 /* HNToolbarController.m in Sources */ = {isa = PBXBuildFile; fileRef = C36B099E148FC0D2004B6998 /* HNToolbarController.m */; };
		C36B09A2148FCA50004B6998 /* Sparkle.framework in Frameworks */ = {isa = PBXBuildFile; fileRef = C36B09A1148FCA50004B6998 /* Sparkle.framework */; };
		C36B09A4148FCAC4004B6998 /* Sparkle.framework in CopyFiles */ = {isa = PBXBuildFile; fileRef = C36B09A1148FCA50004B6998 /* Sparkle.framework */; };
		C371777D14897FEB00358BFA /* HNOutlineViewController.m in Sources */ = {isa = PBXBuildFile; fileRef = C371777C14897FEB00358BFA /* HNOutlineViewController.m */; };
		C3717783148E975700358BFA /* HNException.m in Sources */ = {isa = PBXBuildFile; fileRef = C3717782148E975600358BFA /* HNException.m */; };
		C381E53D14B39E5000C876E0 /* FinderIcon.icns in Resources */ = {isa = PBXBuildFile; fileRef = C381E53C14B39E5000C876E0 /* FinderIcon.icns */; };
		C39EA2D6146CB281001356F5 /* HNLaunchpadPage.m in Sources */ = {isa = PBXBuildFile; fileRef = C39EA2D5146CB281001356F5 /* HNLaunchpadPage.m */; };
		C39EA2DA146CB28D001356F5 /* HNLaunchpadGroup.m in Sources */ = {isa = PBXBuildFile; fileRef = C39EA2D9146CB28D001356F5 /* HNLaunchpadGroup.m */; };
		C39EA2DD146CB29A001356F5 /* HNLaunchpadApp.m in Sources */ = {isa = PBXBuildFile; fileRef = C39EA2DC146CB29A001356F5 /* HNLaunchpadApp.m */; };
		C39EA2E1146CB5DD001356F5 /* MGOrderedDictionary.m in Sources */ = {isa = PBXBuildFile; fileRef = C39EA2E0146CB5DD001356F5 /* MGOrderedDictionary.m */; };
		C3BA97F515AE39120083C4AD /* ImageAndTextCell.m in Sources */ = {isa = PBXBuildFile; fileRef = C3BA97F415AE39120083C4AD /* ImageAndTextCell.m */; settings = {COMPILER_FLAGS = "-fno-objc-arc"; }; };
		C3BA980315AE3DAE0083C4AD /* libFMDB.a in Frameworks */ = {isa = PBXBuildFile; fileRef = C3BA980215AE3DAE0083C4AD /* libFMDB.a */; };
		C3E13C72149BEF2600473F49 /* Tango-View-refresh.png in Resources */ = {isa = PBXBuildFile; fileRef = C3E13C71149BEF2600473F49 /* Tango-View-refresh.png */; };
		C3E13C74149BEFCE00473F49 /* Tango-Edit-delete.png in Resources */ = {isa = PBXBuildFile; fileRef = C3E13C73149BEFCE00473F49 /* Tango-Edit-delete.png */; };
		C3E13C76149BF00B00473F49 /* Tango_emblem_plus.png in Resources */ = {isa = PBXBuildFile; fileRef = C3E13C75149BF00B00473F49 /* Tango_emblem_plus.png */; };
		C3E13C7A149BFEBB00473F49 /* Icon.icns in Resources */ = {isa = PBXBuildFile; fileRef = C3E13C79149BFEBB00473F49 /* Icon.icns */; };
		C3E896C8146C472F0060AB93 /* libsqlite3.dylib in Frameworks */ = {isa = PBXBuildFile; fileRef = C3E896C7146C472F0060AB93 /* libsqlite3.dylib */; };
		C3E896CB146C48690060AB93 /* HNLaunchpadDataSet.m in Sources */ = {isa = PBXBuildFile; fileRef = C3E896CA146C48690060AB93 /* HNLaunchpadDataSet.m */; };
/* End PBXBuildFile section */

/* Begin PBXContainerItemProxy section */
		C30BFBCA146C32AE00395658 /* PBXContainerItemProxy */ = {
			isa = PBXContainerItemProxy;
			containerPortal = C30BFB9C146C32AD00395658 /* Project object */;
			proxyType = 1;
			remoteGlobalIDString = C30BFBA4146C32AD00395658;
			remoteInfo = "Launchpad Editor";
		};
/* End PBXContainerItemProxy section */

/* Begin PBXCopyFilesBuildPhase section */
		C36B09A3148FCAAC004B6998 /* CopyFiles */ = {
			isa = PBXCopyFilesBuildPhase;
			buildActionMask = 2147483647;
			dstPath = "";
			dstSubfolderSpec = 10;
			files = (
				C36B09A4148FCAC4004B6998 /* Sparkle.framework in CopyFiles */,
			);
			runOnlyForDeploymentPostprocessing = 0;
		};
/* End PBXCopyFilesBuildPhase section */

/* Begin PBXFileReference section */
		C30BFBA5146C32AD00395658 /* Launchpad Editor.app */ = {isa = PBXFileReference; explicitFileType = wrapper.application; includeInIndex = 0; path = "Launchpad Editor.app"; sourceTree = BUILT_PRODUCTS_DIR; };
		C30BFBA9146C32AD00395658 /* Cocoa.framework */ = {isa = PBXFileReference; lastKnownFileType = wrapper.framework; name = Cocoa.framework; path = System/Library/Frameworks/Cocoa.framework; sourceTree = SDKROOT; };
		C30BFBAC146C32AD00395658 /* AppKit.framework */ = {isa = PBXFileReference; lastKnownFileType = wrapper.framework; name = AppKit.framework; path = System/Library/Frameworks/AppKit.framework; sourceTree = SDKROOT; };
		C30BFBAD146C32AD00395658 /* CoreData.framework */ = {isa = PBXFileReference; lastKnownFileType = wrapper.framework; name = CoreData.framework; path = System/Library/Frameworks/CoreData.framework; sourceTree = SDKROOT; };
		C30BFBAE146C32AD00395658 /* Foundation.framework */ = {isa = PBXFileReference; lastKnownFileType = wrapper.framework; name = Foundation.framework; path = System/Library/Frameworks/Foundation.framework; sourceTree = SDKROOT; };
		C30BFBB1146C32AD00395658 /* Launchpad Editor-Info.plist */ = {isa = PBXFileReference; lastKnownFileType = text.plist.xml; path = "Launchpad Editor-Info.plist"; sourceTree = "<group>"; };
		C30BFBB3146C32AD00395658 /* en */ = {isa = PBXFileReference; lastKnownFileType = text.plist.strings; name = en; path = en.lproj/InfoPlist.strings; sourceTree = "<group>"; };
		C30BFBB5146C32AD00395658 /* main.m */ = {isa = PBXFileReference; lastKnownFileType = sourcecode.c.objc; path = main.m; sourceTree = "<group>"; };
		C30BFBB7146C32AD00395658 /* Launchpad Editor-Prefix.pch */ = {isa = PBXFileReference; lastKnownFileType = sourcecode.c.h; path = "Launchpad Editor-Prefix.pch"; sourceTree = "<group>"; };
		C30BFBB9146C32AE00395658 /* en */ = {isa = PBXFileReference; lastKnownFileType = text.rtf; name = en; path = en.lproj/Credits.rtf; sourceTree = "<group>"; };
		C30BFBBB146C32AE00395658 /* HNAppDelegate.h */ = {isa = PBXFileReference; lastKnownFileType = sourcecode.c.h; path = HNAppDelegate.h; sourceTree = "<group>"; };
		C30BFBBC146C32AE00395658 /* HNAppDelegate.m */ = {isa = PBXFileReference; lastKnownFileType = sourcecode.c.objc; lineEnding = 0; path = HNAppDelegate.m; sourceTree = "<group>"; xcLanguageSpecificationIdentifier = xcode.lang.objc; };
		C30BFBBF146C32AE00395658 /* en */ = {isa = PBXFileReference; lastKnownFileType = file.xib; name = en; path = en.lproj/MainMenu.xib; sourceTree = "<group>"; };
		C30BFBC6146C32AE00395658 /* Launchpad EditorTests.octest */ = {isa = PBXFileReference; explicitFileType = wrapper.cfbundle; includeInIndex = 0; path = "Launchpad EditorTests.octest"; sourceTree = BUILT_PRODUCTS_DIR; };
		C30BFBC7146C32AE00395658 /* SenTestingKit.framework */ = {isa = PBXFileReference; lastKnownFileType = wrapper.framework; name = SenTestingKit.framework; path = Library/Frameworks/SenTestingKit.framework; sourceTree = DEVELOPER_DIR; };
		C30BFBCE146C32AE00395658 /* Launchpad EditorTests-Info.plist */ = {isa = PBXFileReference; lastKnownFileType = text.plist.xml; path = "Launchpad EditorTests-Info.plist"; sourceTree = "<group>"; };
		C30BFBD0146C32AE00395658 /* en */ = {isa = PBXFileReference; lastKnownFileType = text.plist.strings; name = en; path = en.lproj/InfoPlist.strings; sourceTree = "<group>"; };
		C30BFBD2146C32AE00395658 /* Launchpad_EditorTests.h */ = {isa = PBXFileReference; lastKnownFileType = sourcecode.c.h; path = Launchpad_EditorTests.h; sourceTree = "<group>"; };
		C30BFBD3146C32AE00395658 /* Launchpad_EditorTests.m */ = {isa = PBXFileReference; lastKnownFileType = sourcecode.c.objc; path = Launchpad_EditorTests.m; sourceTree = "<group>"; };
		C32BD1831490041500700E3C /* Todo.txt */ = {isa = PBXFileReference; fileEncoding = 4; lastKnownFileType = text; path = Todo.txt; sourceTree = "<group>"; };
		C34FB528146CC77B00516C18 /* HNLaunchpadContainer.h */ = {isa = PBXFileReference; fileEncoding = 4; lastKnownFileType = sourcecode.c.h; path = HNLaunchpadContainer.h; sourceTree = "<group>"; };
		C360686214854E8900B0FD54 /* HNLaunchpadEntity.h */ = {isa = PBXFileReference; fileEncoding = 4; lastKnownFileType = sourcecode.c.h; path = HNLaunchpadEntity.h; sourceTree = "<group>"; };
		C360687414856DC100B0FD54 /* Constants.h */ = {isa = PBXFileReference; fileEncoding = 4; lastKnownFileType = sourcecode.c.h; path = Constants.h; sourceTree = "<group>"; };
		C36A0C75149E523600BD4039 /* dsa_pub.pem */ = {isa = PBXFileReference; fileEncoding = 4; lastKnownFileType = text; path = dsa_pub.pem; sourceTree = "<group>"; };
		C36B099D148FC0D2004B6998 /* HNToolbarController.h */ = {isa = PBXFileReference; fileEncoding = 4; lastKnownFileType = sourcecode.c.h; path = HNToolbarController.h; sourceTree = "<group>"; };
		C36B099E148FC0D2004B6998 /* HNToolbarController.m */ = {isa = PBXFileReference; fileEncoding = 4; lastKnownFileType = sourcecode.c.objc; path = HNToolbarController.m; sourceTree = "<group>"; };
		C36B09A1148FCA50004B6998 /* Sparkle.framework */ = {isa = PBXFileReference; lastKnownFileType = wrapper.framework; path = Sparkle.framework; sourceTree = "<group>"; };
		C371777B14897FEB00358BFA /* HNOutlineViewController.h */ = {isa = PBXFileReference; fileEncoding = 4; lastKnownFileType = sourcecode.c.h; path = HNOutlineViewController.h; sourceTree = "<group>"; };
		C371777C14897FEB00358BFA /* HNOutlineViewController.m */ = {isa = PBXFileReference; fileEncoding = 4; lastKnownFileType = sourcecode.c.objc; lineEnding = 0; path = HNOutlineViewController.m; sourceTree = "<group>"; xcLanguageSpecificationIdentifier = xcode.lang.objc; };
		C3717781148E975600358BFA /* HNException.h */ = {isa = PBXFileReference; fileEncoding = 4; lastKnownFileType = sourcecode.c.h; lineEnding = 0; path = HNException.h; sourceTree = "<group>"; xcLanguageSpecificationIdentifier = xcode.lang.objcpp; };
		C3717782148E975600358BFA /* HNException.m */ = {isa = PBXFileReference; fileEncoding = 4; lastKnownFileType = sourcecode.c.objc; lineEnding = 0; path = HNException.m; sourceTree = "<group>"; xcLanguageSpecificationIdentifier = xcode.lang.objc; };
		C381E53C14B39E5000C876E0 /* FinderIcon.icns */ = {isa = PBXFileReference; lastKnownFileType = image.icns; path = FinderIcon.icns; sourceTree = "<group>"; };
		C39EA2D4146CB281001356F5 /* HNLaunchpadPage.h */ = {isa = PBXFileReference; fileEncoding = 4; lastKnownFileType = sourcecode.c.h; path = HNLaunchpadPage.h; sourceTree = "<group>"; };
		C39EA2D5146CB281001356F5 /* HNLaunchpadPage.m */ = {isa = PBXFileReference; fileEncoding = 4; lastKnownFileType = sourcecode.c.objc; path = HNLaunchpadPage.m; sourceTree = "<group>"; };
		C39EA2D8146CB28D001356F5 /* HNLaunchpadGroup.h */ = {isa = PBXFileReference; fileEncoding = 4; lastKnownFileType = sourcecode.c.h; path = HNLaunchpadGroup.h; sourceTree = "<group>"; };
		C39EA2D9146CB28D001356F5 /* HNLaunchpadGroup.m */ = {isa = PBXFileReference; fileEncoding = 4; lastKnownFileType = sourcecode.c.objc; path = HNLaunchpadGroup.m; sourceTree = "<group>"; };
		C39EA2DB146CB29A001356F5 /* HNLaunchpadApp.h */ = {isa = PBXFileReference; fileEncoding = 4; lastKnownFileType = sourcecode.c.h; path = HNLaunchpadApp.h; sourceTree = "<group>"; };
		C39EA2DC146CB29A001356F5 /* HNLaunchpadApp.m */ = {isa = PBXFileReference; fileEncoding = 4; lastKnownFileType = sourcecode.c.objc; path = HNLaunchpadApp.m; sourceTree = "<group>"; };
		C39EA2DE146CB4FC001356F5 /* HNLaunchpadItem.h */ = {isa = PBXFileReference; fileEncoding = 4; lastKnownFileType = sourcecode.c.h; path = HNLaunchpadItem.h; sourceTree = "<group>"; };
		C39EA2DF146CB5DD001356F5 /* MGOrderedDictionary.h */ = {isa = PBXFileReference; fileEncoding = 4; lastKnownFileType = sourcecode.c.h; path = MGOrderedDictionary.h; sourceTree = "<group>"; };
		C39EA2E0146CB5DD001356F5 /* MGOrderedDictionary.m */ = {isa = PBXFileReference; fileEncoding = 4; lastKnownFileType = sourcecode.c.objc; path = MGOrderedDictionary.m; sourceTree = "<group>"; };
		C3BA97F315AE39120083C4AD /* ImageAndTextCell.h */ = {isa = PBXFileReference; fileEncoding = 4; lastKnownFileType = sourcecode.c.h; path = ImageAndTextCell.h; sourceTree = "<group>"; };
		C3BA97F415AE39120083C4AD /* ImageAndTextCell.m */ = {isa = PBXFileReference; fileEncoding = 4; lastKnownFileType = sourcecode.c.objc; path = ImageAndTextCell.m; sourceTree = "<group>"; };
		C3BA980215AE3DAE0083C4AD /* libFMDB.a */ = {isa = PBXFileReference; lastKnownFileType = archive.ar; name = libFMDB.a; path = FMDB/build/Release/libFMDB.a; sourceTree = "<group>"; };
		C3E13C71149BEF2600473F49 /* Tango-View-refresh.png */ = {isa = PBXFileReference; lastKnownFileType = image.png; path = "Tango-View-refresh.png"; sourceTree = "<group>"; };
		C3E13C73149BEFCE00473F49 /* Tango-Edit-delete.png */ = {isa = PBXFileReference; lastKnownFileType = image.png; path = "Tango-Edit-delete.png"; sourceTree = "<group>"; };
		C3E13C75149BF00B00473F49 /* Tango_emblem_plus.png */ = {isa = PBXFileReference; lastKnownFileType = image.png; path = Tango_emblem_plus.png; sourceTree = "<group>"; };
		C3E13C79149BFEBB00473F49 /* Icon.icns */ = {isa = PBXFileReference; lastKnownFileType = image.icns; path = Icon.icns; sourceTree = "<group>"; };
		C3E896C7146C472F0060AB93 /* libsqlite3.dylib */ = {isa = PBXFileReference; lastKnownFileType = "compiled.mach-o.dylib"; name = libsqlite3.dylib; path = usr/lib/libsqlite3.dylib; sourceTree = SDKROOT; };
		C3E896C9146C48690060AB93 /* HNLaunchpadDataSet.h */ = {isa = PBXFileReference; fileEncoding = 4; lastKnownFileType = sourcecode.c.h; path = HNLaunchpadDataSet.h; sourceTree = "<group>"; };
		C3E896CA146C48690060AB93 /* HNLaunchpadDataSet.m */ = {isa = PBXFileReference; fileEncoding = 4; lastKnownFileType = sourcecode.c.objc; lineEnding = 0; path = HNLaunchpadDataSet.m; sourceTree = "<group>"; xcLanguageSpecificationIdentifier = xcode.lang.objc; };
/* End PBXFileReference section */

/* Begin PBXFrameworksBuildPhase section */
		C30BFBA2146C32AD00395658 /* Frameworks */ = {
			isa = PBXFrameworksBuildPhase;
			buildActionMask = 2147483647;
			files = (
				C3BA980315AE3DAE0083C4AD /* libFMDB.a in Frameworks */,
				C3E896C8146C472F0060AB93 /* libsqlite3.dylib in Frameworks */,
				C30BFBAA146C32AD00395658 /* Cocoa.framework in Frameworks */,
				C36B09A2148FCA50004B6998 /* Sparkle.framework in Frameworks */,
			);
			runOnlyForDeploymentPostprocessing = 0;
		};
		C30BFBC2146C32AE00395658 /* Frameworks */ = {
			isa = PBXFrameworksBuildPhase;
			buildActionMask = 2147483647;
			files = (
				C30BFBC8146C32AE00395658 /* SenTestingKit.framework in Frameworks */,
				C30BFBC9146C32AE00395658 /* Cocoa.framework in Frameworks */,
			);
			runOnlyForDeploymentPostprocessing = 0;
		};
/* End PBXFrameworksBuildPhase section */

/* Begin PBXGroup section */
		C30BFB9A146C32AD00395658 = {
			isa = PBXGroup;
			children = (
				C3E13C79149BFEBB00473F49 /* Icon.icns */,
				C30BFBAF146C32AD00395658 /* Launchpad Editor */,
				C3C41C1D146D71170021FC51 /* Libraries */,
				C30BFBCC146C32AE00395658 /* Launchpad EditorTests */,
				C30BFBA8146C32AD00395658 /* Frameworks */,
				C30BFBA6146C32AD00395658 /* Products */,
				C32BD1831490041500700E3C /* Todo.txt */,
			);
			sourceTree = "<group>";
		};
		C30BFBA6146C32AD00395658 /* Products */ = {
			isa = PBXGroup;
			children = (
				C30BFBA5146C32AD00395658 /* Launchpad Editor.app */,
				C30BFBC6146C32AE00395658 /* Launchpad EditorTests.octest */,
			);
			name = Products;
			sourceTree = "<group>";
		};
		C30BFBA8146C32AD00395658 /* Frameworks */ = {
			isa = PBXGroup;
			children = (
				C3BA980215AE3DAE0083C4AD /* libFMDB.a */,
				C36B09A1148FCA50004B6998 /* Sparkle.framework */,
				C3E896C7146C472F0060AB93 /* libsqlite3.dylib */,
				C30BFBA9146C32AD00395658 /* Cocoa.framework */,
				C30BFBC7146C32AE00395658 /* SenTestingKit.framework */,
				C30BFBAB146C32AD00395658 /* Other Frameworks */,
			);
			name = Frameworks;
			sourceTree = "<group>";
		};
		C30BFBAB146C32AD00395658 /* Other Frameworks */ = {
			isa = PBXGroup;
			children = (
				C30BFBAC146C32AD00395658 /* AppKit.framework */,
				C30BFBAD146C32AD00395658 /* CoreData.framework */,
				C30BFBAE146C32AD00395658 /* Foundation.framework */,
			);
			name = "Other Frameworks";
			sourceTree = "<group>";
		};
		C30BFBAF146C32AD00395658 /* Launchpad Editor */ = {
			isa = PBXGroup;
			children = (
				C360687414856DC100B0FD54 /* Constants.h */,
				C3717781148E975600358BFA /* HNException.h */,
				C3717782148E975600358BFA /* HNException.m */,
				C30BFBBB146C32AE00395658 /* HNAppDelegate.h */,
				C30BFBBC146C32AE00395658 /* HNAppDelegate.m */,
				C36B099D148FC0D2004B6998 /* HNToolbarController.h */,
				C36B099E148FC0D2004B6998 /* HNToolbarController.m */,
				C371777B14897FEB00358BFA /* HNOutlineViewController.h */,
				C371777C14897FEB00358BFA /* HNOutlineViewController.m */,
				C3E896C9146C48690060AB93 /* HNLaunchpadDataSet.h */,
				C3E896CA146C48690060AB93 /* HNLaunchpadDataSet.m */,
				C3D41E2714719083000D9039 /* Data objects */,
				C30BFBBE146C32AE00395658 /* MainMenu.xib */,
				C30BFBB0146C32AD00395658 /* Supporting Files */,
			);
			path = "Launchpad Editor";
			sourceTree = "<group>";
		};
		C30BFBB0146C32AD00395658 /* Supporting Files */ = {
			isa = PBXGroup;
			children = (
				C30BFBB1146C32AD00395658 /* Launchpad Editor-Info.plist */,
				C30BFBB2146C32AD00395658 /* InfoPlist.strings */,
				C30BFBB5146C32AD00395658 /* main.m */,
				C30BFBB7146C32AD00395658 /* Launchpad Editor-Prefix.pch */,
				C30BFBB8146C32AE00395658 /* Credits.rtf */,
				C36A0C75149E523600BD4039 /* dsa_pub.pem */,
				C3E13C75149BF00B00473F49 /* Tango_emblem_plus.png */,
				C3E13C71149BEF2600473F49 /* Tango-View-refresh.png */,
				C3E13C73149BEFCE00473F49 /* Tango-Edit-delete.png */,
				C381E53C14B39E5000C876E0 /* FinderIcon.icns */,
			);
			name = "Supporting Files";
			sourceTree = "<group>";
		};
		C30BFBCC146C32AE00395658 /* Launchpad EditorTests */ = {
			isa = PBXGroup;
			children = (
				C30BFBD2146C32AE00395658 /* Launchpad_EditorTests.h */,
				C30BFBD3146C32AE00395658 /* Launchpad_EditorTests.m */,
				C30BFBCD146C32AE00395658 /* Supporting Files */,
			);
			path = "Launchpad EditorTests";
			sourceTree = "<group>";
		};
		C30BFBCD146C32AE00395658 /* Supporting Files */ = {
			isa = PBXGroup;
			children = (
				C30BFBCE146C32AE00395658 /* Launchpad EditorTests-Info.plist */,
				C30BFBCF146C32AE00395658 /* InfoPlist.strings */,
			);
			name = "Supporting Files";
			sourceTree = "<group>";
		};
		C3C41C1D146D71170021FC51 /* Libraries */ = {
			isa = PBXGroup;
			children = (
				C39EA2DF146CB5DD001356F5 /* MGOrderedDictionary.h */,
				C39EA2E0146CB5DD001356F5 /* MGOrderedDictionary.m */,
				C3BA97F315AE39120083C4AD /* ImageAndTextCell.h */,
				C3BA97F415AE39120083C4AD /* ImageAndTextCell.m */,
			);
			name = Libraries;
			path = "Launchpad Editor";
			sourceTree = "<group>";
		};
		C3D41E2714719083000D9039 /* Data objects */ = {
			isa = PBXGroup;
			children = (
				C360686214854E8900B0FD54 /* HNLaunchpadEntity.h */,
				C39EA2DE146CB4FC001356F5 /* HNLaunchpadItem.h */,
				C34FB528146CC77B00516C18 /* HNLaunchpadContainer.h */,
				C39EA2D4146CB281001356F5 /* HNLaunchpadPage.h */,
				C39EA2D5146CB281001356F5 /* HNLaunchpadPage.m */,
				C39EA2D8146CB28D001356F5 /* HNLaunchpadGroup.h */,
				C39EA2D9146CB28D001356F5 /* HNLaunchpadGroup.m */,
				C39EA2DB146CB29A001356F5 /* HNLaunchpadApp.h */,
				C39EA2DC146CB29A001356F5 /* HNLaunchpadApp.m */,
			);
			name = "Data objects";
			sourceTree = "<group>";
		};
/* End PBXGroup section */

/* Begin PBXNativeTarget section */
		C30BFBA4146C32AD00395658 /* Launchpad Editor */ = {
			isa = PBXNativeTarget;
			buildConfigurationList = C30BFBD7146C32AE00395658 /* Build configuration list for PBXNativeTarget "Launchpad Editor" */;
			buildPhases = (
				C30BFBA1146C32AD00395658 /* Sources */,
				C30BFBA2146C32AD00395658 /* Frameworks */,
				C30BFBA3146C32AD00395658 /* Resources */,
				C36B09A3148FCAAC004B6998 /* CopyFiles */,
			);
			buildRules = (
			);
			dependencies = (
			);
			name = "Launchpad Editor";
			productName = "Launchpad Editor";
			productReference = C30BFBA5146C32AD00395658 /* Launchpad Editor.app */;
			productType = "com.apple.product-type.application";
		};
		C30BFBC5146C32AE00395658 /* Launchpad EditorTests */ = {
			isa = PBXNativeTarget;
			buildConfigurationList = C30BFBDA146C32AE00395658 /* Build configuration list for PBXNativeTarget "Launchpad EditorTests" */;
			buildPhases = (
				C30BFBC1146C32AE00395658 /* Sources */,
				C30BFBC2146C32AE00395658 /* Frameworks */,
				C30BFBC3146C32AE00395658 /* Resources */,
				C30BFBC4146C32AE00395658 /* ShellScript */,
			);
			buildRules = (
			);
			dependencies = (
				C30BFBCB146C32AE00395658 /* PBXTargetDependency */,
			);
			name = "Launchpad EditorTests";
			productName = "Launchpad EditorTests";
			productReference = C30BFBC6146C32AE00395658 /* Launchpad EditorTests.octest */;
			productType = "com.apple.product-type.bundle";
		};
/* End PBXNativeTarget section */

/* Begin PBXProject section */
		C30BFB9C146C32AD00395658 /* Project object */ = {
			isa = PBXProject;
			attributes = {
				LastUpgradeCheck = 0440;
			};
			buildConfigurationList = C30BFB9F146C32AD00395658 /* Build configuration list for PBXProject "Launchpad Editor" */;
			compatibilityVersion = "Xcode 3.2";
			developmentRegion = English;
			hasScannedForEncodings = 0;
			knownRegions = (
				en,
			);
			mainGroup = C30BFB9A146C32AD00395658;
			productRefGroup = C30BFBA6146C32AD00395658 /* Products */;
			projectDirPath = "";
			projectRoot = "";
			targets = (
				C30BFBA4146C32AD00395658 /* Launchpad Editor */,
				C30BFBC5146C32AE00395658 /* Launchpad EditorTests */,
			);
		};
/* End PBXProject section */

/* Begin PBXResourcesBuildPhase section */
		C30BFBA3146C32AD00395658 /* Resources */ = {
			isa = PBXResourcesBuildPhase;
			buildActionMask = 2147483647;
			files = (
				C30BFBB4146C32AD00395658 /* InfoPlist.strings in Resources */,
				C30BFBBA146C32AE00395658 /* Credits.rtf in Resources */,
				C30BFBC0146C32AE00395658 /* MainMenu.xib in Resources */,
				C3E13C72149BEF2600473F49 /* Tango-View-refresh.png in Resources */,
				C3E13C74149BEFCE00473F49 /* Tango-Edit-delete.png in Resources */,
				C3E13C76149BF00B00473F49 /* Tango_emblem_plus.png in Resources */,
				C3E13C7A149BFEBB00473F49 /* Icon.icns in Resources */,
				C36A0C76149E523600BD4039 /* dsa_pub.pem in Resources */,
				C381E53D14B39E5000C876E0 /* FinderIcon.icns in Resources */,
			);
			runOnlyForDeploymentPostprocessing = 0;
		};
		C30BFBC3146C32AE00395658 /* Resources */ = {
			isa = PBXResourcesBuildPhase;
			buildActionMask = 2147483647;
			files = (
				C30BFBD1146C32AE00395658 /* InfoPlist.strings in Resources */,
			);
			runOnlyForDeploymentPostprocessing = 0;
		};
/* End PBXResourcesBuildPhase section */

/* Begin PBXShellScriptBuildPhase section */
		C30BFBC4146C32AE00395658 /* ShellScript */ = {
			isa = PBXShellScriptBuildPhase;
			buildActionMask = 2147483647;
			files = (
			);
			inputPaths = (
			);
			outputPaths = (
			);
			runOnlyForDeploymentPostprocessing = 0;
			shellPath = /bin/sh;
			shellScript = "# Run the unit tests in this test bundle.\n\"${SYSTEM_DEVELOPER_DIR}/Tools/RunUnitTests\"\n";
		};
/* End PBXShellScriptBuildPhase section */

/* Begin PBXSourcesBuildPhase section */
		C30BFBA1146C32AD00395658 /* Sources */ = {
			isa = PBXSourcesBuildPhase;
			buildActionMask = 2147483647;
			files = (
				C30BFBB6146C32AD00395658 /* main.m in Sources */,
				C30BFBBD146C32AE00395658 /* HNAppDelegate.m in Sources */,
				C3E896CB146C48690060AB93 /* HNLaunchpadDataSet.m in Sources */,
				C39EA2D6146CB281001356F5 /* HNLaunchpadPage.m in Sources */,
				C39EA2DA146CB28D001356F5 /* HNLaunchpadGroup.m in Sources */,
				C39EA2DD146CB29A001356F5 /* HNLaunchpadApp.m in Sources */,
				C39EA2E1146CB5DD001356F5 /* MGOrderedDictionary.m in Sources */,
				C371777D14897FEB00358BFA /* HNOutlineViewController.m in Sources */,
				C3717783148E975700358BFA /* HNException.m in Sources */,
				C36B099F148FC0D2004B6998 /* HNToolbarController.m in Sources */,
				C3BA97F515AE39120083C4AD /* ImageAndTextCell.m in Sources */,
			);
			runOnlyForDeploymentPostprocessing = 0;
		};
		C30BFBC1146C32AE00395658 /* Sources */ = {
			isa = PBXSourcesBuildPhase;
			buildActionMask = 2147483647;
			files = (
				C30BFBD4146C32AE00395658 /* Launchpad_EditorTests.m in Sources */,
			);
			runOnlyForDeploymentPostprocessing = 0;
		};
/* End PBXSourcesBuildPhase section */

/* Begin PBXTargetDependency section */
		C30BFBCB146C32AE00395658 /* PBXTargetDependency */ = {
			isa = PBXTargetDependency;
			target = C30BFBA4146C32AD00395658 /* Launchpad Editor */;
			targetProxy = C30BFBCA146C32AE00395658 /* PBXContainerItemProxy */;
		};
/* End PBXTargetDependency section */

/* Begin PBXVariantGroup section */
		C30BFBB2146C32AD00395658 /* InfoPlist.strings */ = {
			isa = PBXVariantGroup;
			children = (
				C30BFBB3146C32AD00395658 /* en */,
			);
			name = InfoPlist.strings;
			sourceTree = "<group>";
		};
		C30BFBB8146C32AE00395658 /* Credits.rtf */ = {
			isa = PBXVariantGroup;
			children = (
				C30BFBB9146C32AE00395658 /* en */,
			);
			name = Credits.rtf;
			sourceTree = "<group>";
		};
		C30BFBBE146C32AE00395658 /* MainMenu.xib */ = {
			isa = PBXVariantGroup;
			children = (
				C30BFBBF146C32AE00395658 /* en */,
			);
			name = MainMenu.xib;
			sourceTree = "<group>";
		};
		C30BFBCF146C32AE00395658 /* InfoPlist.strings */ = {
			isa = PBXVariantGroup;
			children = (
				C30BFBD0146C32AE00395658 /* en */,
			);
			name = InfoPlist.strings;
			sourceTree = "<group>";
		};
/* End PBXVariantGroup section */

/* Begin XCBuildConfiguration section */
		C30BFBD5146C32AE00395658 /* Debug */ = {
			isa = XCBuildConfiguration;
			buildSettings = {
				ALWAYS_SEARCH_USER_PATHS = NO;
				ARCHS = "$(ARCHS_STANDARD_64_BIT)";
				CLANG_ENABLE_OBJC_ARC = YES;
				CODE_SIGN_IDENTITY = "Developer ID Application: David Deller";
				COPY_PHASE_STRIP = NO;
				GCC_C_LANGUAGE_STANDARD = gnu99;
				GCC_DYNAMIC_NO_PIC = NO;
				GCC_ENABLE_OBJC_EXCEPTIONS = YES;
				GCC_OPTIMIZATION_LEVEL = 0;
				GCC_PREPROCESSOR_DEFINITIONS = (
					"DEBUG=1",
					"$(inherited)",
				);
				GCC_SYMBOLS_PRIVATE_EXTERN = NO;
				GCC_TREAT_WARNINGS_AS_ERRORS = YES;
				GCC_VERSION = com.apple.compilers.llvm.clang.1_0;
				GCC_WARN_64_TO_32_BIT_CONVERSION = YES;
				GCC_WARN_ABOUT_MISSING_PROTOTYPES = YES;
				GCC_WARN_ABOUT_RETURN_TYPE = YES;
				GCC_WARN_UNUSED_VARIABLE = YES;
				MACOSX_DEPLOYMENT_TARGET = 10.7;
				ONLY_ACTIVE_ARCH = YES;
				PROVISIONING_PROFILE = "";
				SDKROOT = macosx;
			};
			name = Debug;
		};
		C30BFBD6146C32AE00395658 /* Release */ = {
			isa = XCBuildConfiguration;
			buildSettings = {
				ALWAYS_SEARCH_USER_PATHS = NO;
				ARCHS = "$(ARCHS_STANDARD_64_BIT)";
				CLANG_ENABLE_OBJC_ARC = YES;
				CODE_SIGN_IDENTITY = "Developer ID Application: David Deller";
				COPY_PHASE_STRIP = YES;
				DEBUG_INFORMATION_FORMAT = "dwarf-with-dsym";
				GCC_C_LANGUAGE_STANDARD = gnu99;
				GCC_ENABLE_OBJC_EXCEPTIONS = YES;
				GCC_TREAT_WARNINGS_AS_ERRORS = YES;
				GCC_VERSION = com.apple.compilers.llvm.clang.1_0;
				GCC_WARN_64_TO_32_BIT_CONVERSION = YES;
				GCC_WARN_ABOUT_MISSING_PROTOTYPES = YES;
				GCC_WARN_ABOUT_RETURN_TYPE = YES;
				GCC_WARN_UNUSED_VARIABLE = YES;
				MACOSX_DEPLOYMENT_TARGET = 10.7;
				PROVISIONING_PROFILE = "";
				SDKROOT = macosx;
			};
			name = Release;
		};
		C30BFBD8146C32AE00395658 /* Debug */ = {
			isa = XCBuildConfiguration;
			buildSettings = {
				COMBINE_HIDPI_IMAGES = YES;
				FRAMEWORK_SEARCH_PATHS = (
					"$(inherited)",
					"\"$(SRCROOT)\"",
				);
				GCC_PRECOMPILE_PREFIX_HEADER = YES;
				GCC_PREFIX_HEADER = "Launchpad Editor/Launchpad Editor-Prefix.pch";
				INFOPLIST_FILE = "Launchpad Editor/Launchpad Editor-Info.plist";
				MACOSX_DEPLOYMENT_TARGET = 10.7;
				PRODUCT_NAME = "$(TARGET_NAME)";
				USER_HEADER_SEARCH_PATHS = FMDB/src;
				WRAPPER_EXTENSION = app;
			};
			name = Debug;
		};
		C30BFBD9146C32AE00395658 /* Release */ = {
			isa = XCBuildConfiguration;
			buildSettings = {
				COMBINE_HIDPI_IMAGES = YES;
				FRAMEWORK_SEARCH_PATHS = (
					"$(inherited)",
					"\"$(SRCROOT)\"",
				);
				GCC_PRECOMPILE_PREFIX_HEADER = YES;
				GCC_PREFIX_HEADER = "Launchpad Editor/Launchpad Editor-Prefix.pch";
				INFOPLIST_FILE = "Launchpad Editor/Launchpad Editor-Info.plist";
				MACOSX_DEPLOYMENT_TARGET = 10.7;
				PRODUCT_NAME = "$(TARGET_NAME)";
				USER_HEADER_SEARCH_PATHS = FMDB/src;
				WRAPPER_EXTENSION = app;
			};
			name = Release;
		};
		C30BFBDB146C32AE00395658 /* Debug */ = {
			isa = XCBuildConfiguration;
			buildSettings = {
				BUNDLE_LOADER = "$(BUILT_PRODUCTS_DIR)/Launchpad Editor.app/Contents/MacOS/Launchpad Editor";
				COMBINE_HIDPI_IMAGES = YES;
				FRAMEWORK_SEARCH_PATHS = "$(DEVELOPER_LIBRARY_DIR)/Frameworks";
				GCC_PRECOMPILE_PREFIX_HEADER = YES;
				GCC_PREFIX_HEADER = "Launchpad Editor/Launchpad Editor-Prefix.pch";
				INFOPLIST_FILE = "Launchpad EditorTests/Launchpad EditorTests-Info.plist";
				PRODUCT_NAME = "$(TARGET_NAME)";
				TEST_HOST = "$(BUNDLE_LOADER)";
				WRAPPER_EXTENSION = octest;
			};
			name = Debug;
		};
		C30BFBDC146C32AE00395658 /* Release */ = {
			isa = XCBuildConfiguration;
			buildSettings = {
				BUNDLE_LOADER = "$(BUILT_PRODUCTS_DIR)/Launchpad Editor.app/Contents/MacOS/Launchpad Editor";
				COMBINE_HIDPI_IMAGES = YES;
				FRAMEWORK_SEARCH_PATHS = "$(DEVELOPER_LIBRARY_DIR)/Frameworks";
				GCC_PRECOMPILE_PREFIX_HEADER = YES;
				GCC_PREFIX_HEADER = "Launchpad Editor/Launchpad Editor-Prefix.pch";
				INFOPLIST_FILE = "Launchpad EditorTests/Launchpad EditorTests-Info.plist";
				PRODUCT_NAME = "$(TARGET_NAME)";
				TEST_HOST = "$(BUNDLE_LOADER)";
				WRAPPER_EXTENSION = octest;
			};
			name = Release;
		};
/* End XCBuildConfiguration section */

/* Begin XCConfigurationList section */
		C30BFB9F146C32AD00395658 /* Build configuration list for PBXProject "Launchpad Editor" */ = {
			isa = XCConfigurationList;
			buildConfigurations = (
				C30BFBD5146C32AE00395658 /* Debug */,
				C30BFBD6146C32AE00395658 /* Release */,
			);
			defaultConfigurationIsVisible = 0;
			defaultConfigurationName = Release;
		};
		C30BFBD7146C32AE00395658 /* Build configuration list for PBXNativeTarget "Launchpad Editor" */ = {
			isa = XCConfigurationList;
			buildConfigurations = (
				C30BFBD8146C32AE00395658 /* Debug */,
				C30BFBD9146C32AE00395658 /* Release */,
			);
			defaultConfigurationIsVisible = 0;
			defaultConfigurationName = Release;
		};
		C30BFBDA146C32AE00395658 /* Build configuration list for PBXNativeTarget "Launchpad EditorTests" */ = {
			isa = XCConfigurationList;
			buildConfigurations = (
				C30BFBDB146C32AE00395658 /* Debug */,
				C30BFBDC146C32AE00395658 /* Release */,
			);
			defaultConfigurationIsVisible = 0;
			defaultConfigurationName = Release;
		};
/* End XCConfigurationList section */
	};
	rootObject = C30BFB9C146C32AD00395658 /* Project object */;
}
